
Microsoft Visual Studio Solution File, Format Version 12.00
Project("{FAE04EC0-301F-11D3-BF4B-00C04F79EFBC}") = "BlazorApp1", "BlazorApp1\BlazorApp1.csproj", "{07CA57C9-5252-4233-A8CA-CE6D2702AF4D}"
EndProject
Project("{FAE04EC0-301F-11D3-BF4B-00C04F79EFBC}") = "Entities", "Entities\Entities.csproj", "{6FCCC54D-3F67-4C48-B673-F9CA8A9EC7FC}"
EndProject
Project("{FAE04EC0-301F-11D3-BF4B-00C04F79EFBC}") = "Managers", "Managers\Managers.csproj", "{7398D428-74BA-4534-A100-E57B8A7F0223}"
EndProject
Project("{FAE04EC0-301F-11D3-BF4B-00C04F79EFBC}") = "DataTransferObjects", "DataTransferObjects\DataTransferObjects.csproj", "{4D5AF068-5CD0-455B-818B-3FF10D91C4B5}"
EndProject
Project("{FAE04EC0-301F-11D3-BF4B-00C04F79EFBC}") = "DatabaseConnection", "DatabaseConnection\DatabaseConnection.csproj", "{2B1A5ADD-A2BF-463D-8489-2DE3274D5B9E}"
EndProject
Project("{FAE04EC0-301F-11D3-BF4B-00C04F79EFBC}") = "RepositoryContracts", "RepositoryContracts\RepositoryContracts.csproj", "{5AD7EBBB-1784-4CB5-B7C1-A22DD8D6E93B}"
EndProject
Project("{FAE04EC0-301F-11D3-BF4B-00C04F79EFBC}") = "WebAPI", "WebAPI\WebAPI.csproj", "{17797FEE-0672-4B14-A1EA-3D1FAB2B1EC8}"
EndProject
Project("{2150E333-8FDC-42A3-9474-1A3956D46DE8}") = "Server", "Server", "{A606790A-8457-42C5-A9C4-5F91E3E91469}"
EndProject
Project("{2150E333-8FDC-42A3-9474-1A3956D46DE8}") = "Client", "Client", "{5EFAC994-E9D8-44A0-9BCD-298A8BAAE6BF}"
EndProject
Project("{2150E333-8FDC-42A3-9474-1A3956D46DE8}") = "Shared", "Shared", "{6389C95C-314C-4B73-9924-05EE1AEAF0F5}"
EndProject
Project("{2150E333-8FDC-42A3-9474-1A3956D46DE8}") = "Testing", "Testing", "{7932991D-890F-4701-BB9D-FA9525FBBF70}"
EndProject
Project("{FAE04EC0-301F-11D3-BF4B-00C04F79EFBC}") = "Testing", "Testing\Testing.csproj", "{02039F5C-62EF-4623-9634-3A42A2A0614E}"
EndProject
Global
	GlobalSection(SolutionConfigurationPlatforms) = preSolution
		Debug|Any CPU = Debug|Any CPU
		Release|Any CPU = Release|Any CPU
	EndGlobalSection
	GlobalSection(ProjectConfigurationPlatforms) = postSolution
		{07CA57C9-5252-4233-A8CA-CE6D2702AF4D}.Debug|Any CPU.ActiveCfg = Debug|Any CPU
		{07CA57C9-5252-4233-A8CA-CE6D2702AF4D}.Debug|Any CPU.Build.0 = Debug|Any CPU
		{07CA57C9-5252-4233-A8CA-CE6D2702AF4D}.Release|Any CPU.ActiveCfg = Release|Any CPU
		{07CA57C9-5252-4233-A8CA-CE6D2702AF4D}.Release|Any CPU.Build.0 = Release|Any CPU
		{6FCCC54D-3F67-4C48-B673-F9CA8A9EC7FC}.Debug|Any CPU.ActiveCfg = Debug|Any CPU
		{6FCCC54D-3F67-4C48-B673-F9CA8A9EC7FC}.Debug|Any CPU.Build.0 = Debug|Any CPU
		{6FCCC54D-3F67-4C48-B673-F9CA8A9EC7FC}.Release|Any CPU.ActiveCfg = Release|Any CPU
		{6FCCC54D-3F67-4C48-B673-F9CA8A9EC7FC}.Release|Any CPU.Build.0 = Release|Any CPU
		{7398D428-74BA-4534-A100-E57B8A7F0223}.Debug|Any CPU.ActiveCfg = Debug|Any CPU
		{7398D428-74BA-4534-A100-E57B8A7F0223}.Debug|Any CPU.Build.0 = Debug|Any CPU
		{7398D428-74BA-4534-A100-E57B8A7F0223}.Release|Any CPU.ActiveCfg = Release|Any CPU
		{7398D428-74BA-4534-A100-E57B8A7F0223}.Release|Any CPU.Build.0 = Release|Any CPU
		{4D5AF068-5CD0-455B-818B-3FF10D91C4B5}.Debug|Any CPU.ActiveCfg = Debug|Any CPU
		{4D5AF068-5CD0-455B-818B-3FF10D91C4B5}.Debug|Any CPU.Build.0 = Debug|Any CPU
		{4D5AF068-5CD0-455B-818B-3FF10D91C4B5}.Release|Any CPU.ActiveCfg = Release|Any CPU
		{4D5AF068-5CD0-455B-818B-3FF10D91C4B5}.Release|Any CPU.Build.0 = Release|Any CPU
		{2B1A5ADD-A2BF-463D-8489-2DE3274D5B9E}.Debug|Any CPU.ActiveCfg = Debug|Any CPU
		{2B1A5ADD-A2BF-463D-8489-2DE3274D5B9E}.Debug|Any CPU.Build.0 = Debug|Any CPU
		{2B1A5ADD-A2BF-463D-8489-2DE3274D5B9E}.Release|Any CPU.ActiveCfg = Release|Any CPU
		{2B1A5ADD-A2BF-463D-8489-2DE3274D5B9E}.Release|Any CPU.Build.0 = Release|Any CPU
		{5AD7EBBB-1784-4CB5-B7C1-A22DD8D6E93B}.Debug|Any CPU.ActiveCfg = Debug|Any CPU
		{5AD7EBBB-1784-4CB5-B7C1-A22DD8D6E93B}.Debug|Any CPU.Build.0 = Debug|Any CPU
		{5AD7EBBB-1784-4CB5-B7C1-A22DD8D6E93B}.Release|Any CPU.ActiveCfg = Release|Any CPU
		{5AD7EBBB-1784-4CB5-B7C1-A22DD8D6E93B}.Release|Any CPU.Build.0 = Release|Any CPU
		{17797FEE-0672-4B14-A1EA-3D1FAB2B1EC8}.Debug|Any CPU.ActiveCfg = Debug|Any CPU
		{17797FEE-0672-4B14-A1EA-3D1FAB2B1EC8}.Debug|Any CPU.Build.0 = Debug|Any CPU
		{17797FEE-0672-4B14-A1EA-3D1FAB2B1EC8}.Release|Any CPU.ActiveCfg = Release|Any CPU
		{17797FEE-0672-4B14-A1EA-3D1FAB2B1EC8}.Release|Any CPU.Build.0 = Release|Any CPU
		{02039F5C-62EF-4623-9634-3A42A2A0614E}.Debug|Any CPU.ActiveCfg = Debug|Any CPU
		{02039F5C-62EF-4623-9634-3A42A2A0614E}.Debug|Any CPU.Build.0 = Debug|Any CPU
		{02039F5C-62EF-4623-9634-3A42A2A0614E}.Release|Any CPU.ActiveCfg = Release|Any CPU
		{02039F5C-62EF-4623-9634-3A42A2A0614E}.Release|Any CPU.Build.0 = Release|Any CPU
	EndGlobalSection
	GlobalSection(NestedProjects) = preSolution
		{07CA57C9-5252-4233-A8CA-CE6D2702AF4D} = {5EFAC994-E9D8-44A0-9BCD-298A8BAAE6BF}
		{2B1A5ADD-A2BF-463D-8489-2DE3274D5B9E} = {A606790A-8457-42C5-A9C4-5F91E3E91469}
		{4D5AF068-5CD0-455B-818B-3FF10D91C4B5} = {6389C95C-314C-4B73-9924-05EE1AEAF0F5}
		{6FCCC54D-3F67-4C48-B673-F9CA8A9EC7FC} = {6389C95C-314C-4B73-9924-05EE1AEAF0F5}
		{7398D428-74BA-4534-A100-E57B8A7F0223} = {5EFAC994-E9D8-44A0-9BCD-298A8BAAE6BF}
		{5AD7EBBB-1784-4CB5-B7C1-A22DD8D6E93B} = {A606790A-8457-42C5-A9C4-5F91E3E91469}
		{17797FEE-0672-4B14-A1EA-3D1FAB2B1EC8} = {A606790A-8457-42C5-A9C4-5F91E3E91469}
		{02039F5C-62EF-4623-9634-3A42A2A0614E} = {7932991D-890F-4701-BB9D-FA9525FBBF70}
	EndGlobalSection
EndGlobal
