
Microsoft Visual Studio Solution File, Format Version 12.00
Project("{FAE04EC0-301F-11D3-BF4B-00C04F79EFBC}") = "BlazorApp1", "BlazorApp1\BlazorApp1.csproj", "{07CA57C9-5252-4233-A8CA-CE6D2702AF4D}"
EndProject
Project("{FAE04EC0-301F-11D3-BF4B-00C04F79EFBC}") = "Entities", "Entities\Entities.csproj", "{6FCCC54D-3F67-4C48-B673-F9CA8A9EC7FC}"
EndProject
Project("{FAE04EC0-301F-11D3-BF4B-00C04F79EFBC}") = "Managers", "Managers\Managers.csproj", "{7398D428-74BA-4534-A100-E57B8A7F0223}"
EndProject
Project("{FAE04EC0-301F-11D3-BF4B-00C04F79EFBC}") = "DataTransferObjects", "DataTransferObjects\DataTransferObjects.csproj", "{4D5AF068-5CD0-455B-818B-3FF10D91C4B5}"
EndProject
Project("{FAE04EC0-301F-11D3-BF4B-00C04F79EFBC}") = "DatabaseConnection", "DatabaseConnection\DatabaseConnection.csproj", "{8D2D1B71-695F-40BD-9E06-3DA1DDCE15D1}"
EndProject
Global
	GlobalSection(SolutionConfigurationPlatforms) = preSolution
		Debug|Any CPU = Debug|Any CPU
		Release|Any CPU = Release|Any CPU
	EndGlobalSection
	GlobalSection(ProjectConfigurationPlatforms) = postSolution
		{07CA57C9-5252-4233-A8CA-CE6D2702AF4D}.Debug|Any CPU.ActiveCfg = Debug|Any CPU
		{07CA57C9-5252-4233-A8CA-CE6D2702AF4D}.Debug|Any CPU.Build.0 = Debug|Any CPU
		{07CA57C9-5252-4233-A8CA-CE6D2702AF4D}.Release|Any CPU.ActiveCfg = Release|Any CPU
		{07CA57C9-5252-4233-A8CA-CE6D2702AF4D}.Release|Any CPU.Build.0 = Release|Any CPU
		{6FCCC54D-3F67-4C48-B673-F9CA8A9EC7FC}.Debug|Any CPU.ActiveCfg = Debug|Any CPU
		{6FCCC54D-3F67-4C48-B673-F9CA8A9EC7FC}.Debug|Any CPU.Build.0 = Debug|Any CPU
		{6FCCC54D-3F67-4C48-B673-F9CA8A9EC7FC}.Release|Any CPU.ActiveCfg = Release|Any CPU
		{6FCCC54D-3F67-4C48-B673-F9CA8A9EC7FC}.Release|Any CPU.Build.0 = Release|Any CPU
		{7398D428-74BA-4534-A100-E57B8A7F0223}.Debug|Any CPU.ActiveCfg = Debug|Any CPU
		{7398D428-74BA-4534-A100-E57B8A7F0223}.Debug|Any CPU.Build.0 = Debug|Any CPU
		{7398D428-74BA-4534-A100-E57B8A7F0223}.Release|Any CPU.ActiveCfg = Release|Any CPU
		{7398D428-74BA-4534-A100-E57B8A7F0223}.Release|Any CPU.Build.0 = Release|Any CPU
		{4D5AF068-5CD0-455B-818B-3FF10D91C4B5}.Debug|Any CPU.ActiveCfg = Debug|Any CPU
		{4D5AF068-5CD0-455B-818B-3FF10D91C4B5}.Debug|Any CPU.Build.0 = Debug|Any CPU
		{4D5AF068-5CD0-455B-818B-3FF10D91C4B5}.Release|Any CPU.ActiveCfg = Release|Any CPU
		{4D5AF068-5CD0-455B-818B-3FF10D91C4B5}.Release|Any CPU.Build.0 = Release|Any CPU
		{8D2D1B71-695F-40BD-9E06-3DA1DDCE15D1}.Debug|Any CPU.ActiveCfg = Debug|Any CPU
		{8D2D1B71-695F-40BD-9E06-3DA1DDCE15D1}.Debug|Any CPU.Build.0 = Debug|Any CPU
		{8D2D1B71-695F-40BD-9E06-3DA1DDCE15D1}.Release|Any CPU.ActiveCfg = Release|Any CPU
		{8D2D1B71-695F-40BD-9E06-3DA1DDCE15D1}.Release|Any CPU.Build.0 = Release|Any CPU
	EndGlobalSection
	GlobalSection(NestedProjects) = preSolution
	EndGlobalSection
EndGlobal
